
Microsoft Visual Studio Solution File, Format Version 12.00
# Visual Studio Version 17
VisualStudioVersion = 17.12.35527.113 d17.12
MinimumVisualStudioVersion = 10.0.40219.1
Project("{FAE04EC0-301F-11D3-BF4B-00C04F79EFBC}") = "PandaMassProducedGunMod", "PandaMassProducedGunMod.csproj", "{E97B788B-B759-4F31-8BFB-E72BE1E3C9CE}"
EndProject
Global
	GlobalSection(SolutionConfigurationPlatforms) = preSolution
		Debug|Any CPU = Debug|Any CPU
		Release|Any CPU = Release|Any CPU
	EndGlobalSection
	GlobalSection(ProjectConfigurationPlatforms) = postSolution
		{E97B788B-B759-4F31-8BFB-E72BE1E3C9CE}.Debug|Any CPU.ActiveCfg = Debug|Any CPU
		{E97B788B-B759-4F31-8BFB-E72BE1E3C9CE}.Debug|Any CPU.Build.0 = Debug|Any CPU
		{E97B788B-B759-4F31-8BFB-E72BE1E3C9CE}.Release|Any CPU.ActiveCfg = Release|Any CPU
		{E97B788B-B759-4F31-8BFB-E72BE1E3C9CE}.Release|Any CPU.Build.0 = Release|Any CPU
	EndGlobalSection
	GlobalSection(SolutionProperties) = preSolution
		HideSolutionNode = FALSE
	EndGlobalSection
EndGlobal
